// !$*UTF8*$!
{
	archiveVersion = 1;
	classes = {
	};
	objectVersion = 56;
	objects = {

/* Begin PBXBuildFile section */
		11B668A42A03D164006DACB2 /* NumbersOnlyViewModifier.swift in Sources */ = {isa = PBXBuildFile; fileRef = 11B668A32A03D164006DACB2 /* NumbersOnlyViewModifier.swift */; };
		11FB2C032A028A15000379D4 /* Kitchen_ConverterApp.swift in Sources */ = {isa = PBXBuildFile; fileRef = 11FB2C022A028A15000379D4 /* Kitchen_ConverterApp.swift */; };
		11FB2C052A028A15000379D4 /* ContentView.swift in Sources */ = {isa = PBXBuildFile; fileRef = 11FB2C042A028A15000379D4 /* ContentView.swift */; };
		11FB2C072A028A17000379D4 /* Assets.xcassets in Resources */ = {isa = PBXBuildFile; fileRef = 11FB2C062A028A17000379D4 /* Assets.xcassets */; };
		11FB2C0A2A028A17000379D4 /* Preview Assets.xcassets in Resources */ = {isa = PBXBuildFile; fileRef = 11FB2C092A028A17000379D4 /* Preview Assets.xcassets */; };
		11FB2C142A028A17000379D4 /* Kitchen_ConverterTests.swift in Sources */ = {isa = PBXBuildFile; fileRef = 11FB2C132A028A17000379D4 /* Kitchen_ConverterTests.swift */; };
		11FB2C1E2A028A17000379D4 /* Kitchen_ConverterUITests.swift in Sources */ = {isa = PBXBuildFile; fileRef = 11FB2C1D2A028A17000379D4 /* Kitchen_ConverterUITests.swift */; };
		11FB2C202A028A17000379D4 /* Kitchen_ConverterUITestsLaunchTests.swift in Sources */ = {isa = PBXBuildFile; fileRef = 11FB2C1F2A028A17000379D4 /* Kitchen_ConverterUITestsLaunchTests.swift */; };
/* End PBXBuildFile section */

/* Begin PBXContainerItemProxy section */
		11FB2C102A028A17000379D4 /* PBXContainerItemProxy */ = {
			isa = PBXContainerItemProxy;
			containerPortal = 11FB2BF72A028A15000379D4 /* Project object */;
			proxyType = 1;
			remoteGlobalIDString = 11FB2BFE2A028A15000379D4;
			remoteInfo = "Kitchen Converter";
		};
		11FB2C1A2A028A17000379D4 /* PBXContainerItemProxy */ = {
			isa = PBXContainerItemProxy;
			containerPortal = 11FB2BF72A028A15000379D4 /* Project object */;
			proxyType = 1;
			remoteGlobalIDString = 11FB2BFE2A028A15000379D4;
			remoteInfo = "Kitchen Converter";
		};
/* End PBXContainerItemProxy section */

/* Begin PBXFileReference section */
		11B668A32A03D164006DACB2 /* NumbersOnlyViewModifier.swift */ = {isa = PBXFileReference; lastKnownFileType = sourcecode.swift; path = NumbersOnlyViewModifier.swift; sourceTree = "<group>"; };
		11FB2BFF2A028A15000379D4 /* Kitchen Converter.app */ = {isa = PBXFileReference; explicitFileType = wrapper.application; includeInIndex = 0; path = "Kitchen Converter.app"; sourceTree = BUILT_PRODUCTS_DIR; };
		11FB2C022A028A15000379D4 /* Kitchen_ConverterApp.swift */ = {isa = PBXFileReference; lastKnownFileType = sourcecode.swift; path = Kitchen_ConverterApp.swift; sourceTree = "<group>"; };
		11FB2C042A028A15000379D4 /* ContentView.swift */ = {isa = PBXFileReference; lastKnownFileType = sourcecode.swift; path = ContentView.swift; sourceTree = "<group>"; };
		11FB2C062A028A17000379D4 /* Assets.xcassets */ = {isa = PBXFileReference; lastKnownFileType = folder.assetcatalog; path = Assets.xcassets; sourceTree = "<group>"; };
		11FB2C092A028A17000379D4 /* Preview Assets.xcassets */ = {isa = PBXFileReference; lastKnownFileType = folder.assetcatalog; path = "Preview Assets.xcassets"; sourceTree = "<group>"; };
		11FB2C0F2A028A17000379D4 /* Kitchen ConverterTests.xctest */ = {isa = PBXFileReference; explicitFileType = wrapper.cfbundle; includeInIndex = 0; path = "Kitchen ConverterTests.xctest"; sourceTree = BUILT_PRODUCTS_DIR; };
		11FB2C132A028A17000379D4 /* Kitchen_ConverterTests.swift */ = {isa = PBXFileReference; lastKnownFileType = sourcecode.swift; path = Kitchen_ConverterTests.swift; sourceTree = "<group>"; };
		11FB2C192A028A17000379D4 /* Kitchen ConverterUITests.xctest */ = {isa = PBXFileReference; explicitFileType = wrapper.cfbundle; includeInIndex = 0; path = "Kitchen ConverterUITests.xctest"; sourceTree = BUILT_PRODUCTS_DIR; };
		11FB2C1D2A028A17000379D4 /* Kitchen_ConverterUITests.swift */ = {isa = PBXFileReference; lastKnownFileType = sourcecode.swift; path = Kitchen_ConverterUITests.swift; sourceTree = "<group>"; };
		11FB2C1F2A028A17000379D4 /* Kitchen_ConverterUITestsLaunchTests.swift */ = {isa = PBXFileReference; lastKnownFileType = sourcecode.swift; path = Kitchen_ConverterUITestsLaunchTests.swift; sourceTree = "<group>"; };
/* End PBXFileReference section */

/* Begin PBXFrameworksBuildPhase section */
		11FB2BFC2A028A15000379D4 /* Frameworks */ = {
			isa = PBXFrameworksBuildPhase;
			buildActionMask = 2147483647;
			files = (
			);
			runOnlyForDeploymentPostprocessing = 0;
		};
		11FB2C0C2A028A17000379D4 /* Frameworks */ = {
			isa = PBXFrameworksBuildPhase;
			buildActionMask = 2147483647;
			files = (
			);
			runOnlyForDeploymentPostprocessing = 0;
		};
		11FB2C162A028A17000379D4 /* Frameworks */ = {
			isa = PBXFrameworksBuildPhase;
			buildActionMask = 2147483647;
			files = (
			);
			runOnlyForDeploymentPostprocessing = 0;
		};
/* End PBXFrameworksBuildPhase section */

/* Begin PBXGroup section */
		11FB2BF62A028A15000379D4 = {
			isa = PBXGroup;
			children = (
				11FB2C012A028A15000379D4 /* Kitchen Converter */,
				11FB2C122A028A17000379D4 /* Kitchen ConverterTests */,
				11FB2C1C2A028A17000379D4 /* Kitchen ConverterUITests */,
				11FB2C002A028A15000379D4 /* Products */,
			);
			sourceTree = "<group>";
		};
		11FB2C002A028A15000379D4 /* Products */ = {
			isa = PBXGroup;
			children = (
				11FB2BFF2A028A15000379D4 /* Kitchen Converter.app */,
				11FB2C0F2A028A17000379D4 /* Kitchen ConverterTests.xctest */,
				11FB2C192A028A17000379D4 /* Kitchen ConverterUITests.xctest */,
			);
			name = Products;
			sourceTree = "<group>";
		};
		11FB2C012A028A15000379D4 /* Kitchen Converter */ = {
			isa = PBXGroup;
			children = (
				11FB2C022A028A15000379D4 /* Kitchen_ConverterApp.swift */,
				11FB2C042A028A15000379D4 /* ContentView.swift */,
				11FB2C062A028A17000379D4 /* Assets.xcassets */,
				11FB2C082A028A17000379D4 /* Preview Content */,
				11B668A32A03D164006DACB2 /* NumbersOnlyViewModifier.swift */,
			);
			path = "Kitchen Converter";
			sourceTree = "<group>";
		};
		11FB2C082A028A17000379D4 /* Preview Content */ = {
			isa = PBXGroup;
			children = (
				11FB2C092A028A17000379D4 /* Preview Assets.xcassets */,
			);
			path = "Preview Content";
			sourceTree = "<group>";
		};
		11FB2C122A028A17000379D4 /* Kitchen ConverterTests */ = {
			isa = PBXGroup;
			children = (
				11FB2C132A028A17000379D4 /* Kitchen_ConverterTests.swift */,
			);
			path = "Kitchen ConverterTests";
			sourceTree = "<group>";
		};
		11FB2C1C2A028A17000379D4 /* Kitchen ConverterUITests */ = {
			isa = PBXGroup;
			children = (
				11FB2C1D2A028A17000379D4 /* Kitchen_ConverterUITests.swift */,
				11FB2C1F2A028A17000379D4 /* Kitchen_ConverterUITestsLaunchTests.swift */,
			);
			path = "Kitchen ConverterUITests";
			sourceTree = "<group>";
		};
/* End PBXGroup section */

/* Begin PBXNativeTarget section */
		11FB2BFE2A028A15000379D4 /* Kitchen Converter */ = {
			isa = PBXNativeTarget;
			buildConfigurationList = 11FB2C232A028A17000379D4 /* Build configuration list for PBXNativeTarget "Kitchen Converter" */;
			buildPhases = (
				11FB2BFB2A028A15000379D4 /* Sources */,
				11FB2BFC2A028A15000379D4 /* Frameworks */,
				11FB2BFD2A028A15000379D4 /* Resources */,
			);
			buildRules = (
			);
			dependencies = (
			);
			name = "Kitchen Converter";
			productName = "Kitchen Converter";
			productReference = 11FB2BFF2A028A15000379D4 /* Kitchen Converter.app */;
			productType = "com.apple.product-type.application";
		};
		11FB2C0E2A028A17000379D4 /* Kitchen ConverterTests */ = {
			isa = PBXNativeTarget;
			buildConfigurationList = 11FB2C262A028A17000379D4 /* Build configuration list for PBXNativeTarget "Kitchen ConverterTests" */;
			buildPhases = (
				11FB2C0B2A028A17000379D4 /* Sources */,
				11FB2C0C2A028A17000379D4 /* Frameworks */,
				11FB2C0D2A028A17000379D4 /* Resources */,
			);
			buildRules = (
			);
			dependencies = (
				11FB2C112A028A17000379D4 /* PBXTargetDependency */,
			);
			name = "Kitchen ConverterTests";
			productName = "Kitchen ConverterTests";
			productReference = 11FB2C0F2A028A17000379D4 /* Kitchen ConverterTests.xctest */;
			productType = "com.apple.product-type.bundle.unit-test";
		};
		11FB2C182A028A17000379D4 /* Kitchen ConverterUITests */ = {
			isa = PBXNativeTarget;
			buildConfigurationList = 11FB2C292A028A17000379D4 /* Build configuration list for PBXNativeTarget "Kitchen ConverterUITests" */;
			buildPhases = (
				11FB2C152A028A17000379D4 /* Sources */,
				11FB2C162A028A17000379D4 /* Frameworks */,
				11FB2C172A028A17000379D4 /* Resources */,
			);
			buildRules = (
			);
			dependencies = (
				11FB2C1B2A028A17000379D4 /* PBXTargetDependency */,
			);
			name = "Kitchen ConverterUITests";
			productName = "Kitchen ConverterUITests";
			productReference = 11FB2C192A028A17000379D4 /* Kitchen ConverterUITests.xctest */;
			productType = "com.apple.product-type.bundle.ui-testing";
		};
/* End PBXNativeTarget section */

/* Begin PBXProject section */
		11FB2BF72A028A15000379D4 /* Project object */ = {
			isa = PBXProject;
			attributes = {
				BuildIndependentTargetsInParallel = 1;
				LastSwiftUpdateCheck = 1430;
				LastUpgradeCheck = 1430;
				TargetAttributes = {
					11FB2BFE2A028A15000379D4 = {
						CreatedOnToolsVersion = 14.3;
					};
					11FB2C0E2A028A17000379D4 = {
						CreatedOnToolsVersion = 14.3;
						TestTargetID = 11FB2BFE2A028A15000379D4;
					};
					11FB2C182A028A17000379D4 = {
						CreatedOnToolsVersion = 14.3;
						TestTargetID = 11FB2BFE2A028A15000379D4;
					};
				};
			};
			buildConfigurationList = 11FB2BFA2A028A15000379D4 /* Build configuration list for PBXProject "Kitchen Converter" */;
			compatibilityVersion = "Xcode 14.0";
			developmentRegion = en;
			hasScannedForEncodings = 0;
			knownRegions = (
				en,
				Base,
			);
			mainGroup = 11FB2BF62A028A15000379D4;
			productRefGroup = 11FB2C002A028A15000379D4 /* Products */;
			projectDirPath = "";
			projectRoot = "";
			targets = (
				11FB2BFE2A028A15000379D4 /* Kitchen Converter */,
				11FB2C0E2A028A17000379D4 /* Kitchen ConverterTests */,
				11FB2C182A028A17000379D4 /* Kitchen ConverterUITests */,
			);
		};
/* End PBXProject section */

/* Begin PBXResourcesBuildPhase section */
		11FB2BFD2A028A15000379D4 /* Resources */ = {
			isa = PBXResourcesBuildPhase;
			buildActionMask = 2147483647;
			files = (
				11FB2C0A2A028A17000379D4 /* Preview Assets.xcassets in Resources */,
				11FB2C072A028A17000379D4 /* Assets.xcassets in Resources */,
			);
			runOnlyForDeploymentPostprocessing = 0;
		};
		11FB2C0D2A028A17000379D4 /* Resources */ = {
			isa = PBXResourcesBuildPhase;
			buildActionMask = 2147483647;
			files = (
			);
			runOnlyForDeploymentPostprocessing = 0;
		};
		11FB2C172A028A17000379D4 /* Resources */ = {
			isa = PBXResourcesBuildPhase;
			buildActionMask = 2147483647;
			files = (
			);
			runOnlyForDeploymentPostprocessing = 0;
		};
/* End PBXResourcesBuildPhase section */

/* Begin PBXSourcesBuildPhase section */
		11FB2BFB2A028A15000379D4 /* Sources */ = {
			isa = PBXSourcesBuildPhase;
			buildActionMask = 2147483647;
			files = (
				11FB2C052A028A15000379D4 /* ContentView.swift in Sources */,
				11FB2C032A028A15000379D4 /* Kitchen_ConverterApp.swift in Sources */,
				11B668A42A03D164006DACB2 /* NumbersOnlyViewModifier.swift in Sources */,
			);
			runOnlyForDeploymentPostprocessing = 0;
		};
		11FB2C0B2A028A17000379D4 /* Sources */ = {
			isa = PBXSourcesBuildPhase;
			buildActionMask = 2147483647;
			files = (
				11FB2C142A028A17000379D4 /* Kitchen_ConverterTests.swift in Sources */,
			);
			runOnlyForDeploymentPostprocessing = 0;
		};
		11FB2C152A028A17000379D4 /* Sources */ = {
			isa = PBXSourcesBuildPhase;
			buildActionMask = 2147483647;
			files = (
				11FB2C202A028A17000379D4 /* Kitchen_ConverterUITestsLaunchTests.swift in Sources */,
				11FB2C1E2A028A17000379D4 /* Kitchen_ConverterUITests.swift in Sources */,
			);
			runOnlyForDeploymentPostprocessing = 0;
		};
/* End PBXSourcesBuildPhase section */

/* Begin PBXTargetDependency section */
		11FB2C112A028A17000379D4 /* PBXTargetDependency */ = {
			isa = PBXTargetDependency;
			target = 11FB2BFE2A028A15000379D4 /* Kitchen Converter */;
			targetProxy = 11FB2C102A028A17000379D4 /* PBXContainerItemProxy */;
		};
		11FB2C1B2A028A17000379D4 /* PBXTargetDependency */ = {
			isa = PBXTargetDependency;
			target = 11FB2BFE2A028A15000379D4 /* Kitchen Converter */;
			targetProxy = 11FB2C1A2A028A17000379D4 /* PBXContainerItemProxy */;
		};
/* End PBXTargetDependency section */

/* Begin XCBuildConfiguration section */
		11FB2C212A028A17000379D4 /* Debug */ = {
			isa = XCBuildConfiguration;
			buildSettings = {
				ALWAYS_SEARCH_USER_PATHS = NO;
				CLANG_ANALYZER_NONNULL = YES;
				CLANG_ANALYZER_NUMBER_OBJECT_CONVERSION = YES_AGGRESSIVE;
				CLANG_CXX_LANGUAGE_STANDARD = "gnu++20";
				CLANG_ENABLE_MODULES = YES;
				CLANG_ENABLE_OBJC_ARC = YES;
				CLANG_ENABLE_OBJC_WEAK = YES;
				CLANG_WARN_BLOCK_CAPTURE_AUTORELEASING = YES;
				CLANG_WARN_BOOL_CONVERSION = YES;
				CLANG_WARN_COMMA = YES;
				CLANG_WARN_CONSTANT_CONVERSION = YES;
				CLANG_WARN_DEPRECATED_OBJC_IMPLEMENTATIONS = YES;
				CLANG_WARN_DIRECT_OBJC_ISA_USAGE = YES_ERROR;
				CLANG_WARN_DOCUMENTATION_COMMENTS = YES;
				CLANG_WARN_EMPTY_BODY = YES;
				CLANG_WARN_ENUM_CONVERSION = YES;
				CLANG_WARN_INFINITE_RECURSION = YES;
				CLANG_WARN_INT_CONVERSION = YES;
				CLANG_WARN_NON_LITERAL_NULL_CONVERSION = YES;
				CLANG_WARN_OBJC_IMPLICIT_RETAIN_SELF = YES;
				CLANG_WARN_OBJC_LITERAL_CONVERSION = YES;
				CLANG_WARN_OBJC_ROOT_CLASS = YES_ERROR;
				CLANG_WARN_QUOTED_INCLUDE_IN_FRAMEWORK_HEADER = YES;
				CLANG_WARN_RANGE_LOOP_ANALYSIS = YES;
				CLANG_WARN_STRICT_PROTOTYPES = YES;
				CLANG_WARN_SUSPICIOUS_MOVE = YES;
				CLANG_WARN_UNGUARDED_AVAILABILITY = YES_AGGRESSIVE;
				CLANG_WARN_UNREACHABLE_CODE = YES;
				CLANG_WARN__DUPLICATE_METHOD_MATCH = YES;
				COPY_PHASE_STRIP = NO;
				DEBUG_INFORMATION_FORMAT = dwarf;
				ENABLE_STRICT_OBJC_MSGSEND = YES;
				ENABLE_TESTABILITY = YES;
				GCC_C_LANGUAGE_STANDARD = gnu11;
				GCC_DYNAMIC_NO_PIC = NO;
				GCC_NO_COMMON_BLOCKS = YES;
				GCC_OPTIMIZATION_LEVEL = 0;
				GCC_PREPROCESSOR_DEFINITIONS = (
					"DEBUG=1",
					"$(inherited)",
				);
				GCC_WARN_64_TO_32_BIT_CONVERSION = YES;
				GCC_WARN_ABOUT_RETURN_TYPE = YES_ERROR;
				GCC_WARN_UNDECLARED_SELECTOR = YES;
				GCC_WARN_UNINITIALIZED_AUTOS = YES_AGGRESSIVE;
				GCC_WARN_UNUSED_FUNCTION = YES;
				GCC_WARN_UNUSED_VARIABLE = YES;
				IPHONEOS_DEPLOYMENT_TARGET = 16.4;
				MTL_ENABLE_DEBUG_INFO = INCLUDE_SOURCE;
				MTL_FAST_MATH = YES;
				ONLY_ACTIVE_ARCH = YES;
				SDKROOT = iphoneos;
				SWIFT_ACTIVE_COMPILATION_CONDITIONS = DEBUG;
				SWIFT_OPTIMIZATION_LEVEL = "-Onone";
			};
			name = Debug;
		};
		11FB2C222A028A17000379D4 /* Release */ = {
			isa = XCBuildConfiguration;
			buildSettings = {
				ALWAYS_SEARCH_USER_PATHS = NO;
				CLANG_ANALYZER_NONNULL = YES;
				CLANG_ANALYZER_NUMBER_OBJECT_CONVERSION = YES_AGGRESSIVE;
				CLANG_CXX_LANGUAGE_STANDARD = "gnu++20";
				CLANG_ENABLE_MODULES = YES;
				CLANG_ENABLE_OBJC_ARC = YES;
				CLANG_ENABLE_OBJC_WEAK = YES;
				CLANG_WARN_BLOCK_CAPTURE_AUTORELEASING = YES;
				CLANG_WARN_BOOL_CONVERSION = YES;
				CLANG_WARN_COMMA = YES;
				CLANG_WARN_CONSTANT_CONVERSION = YES;
				CLANG_WARN_DEPRECATED_OBJC_IMPLEMENTATIONS = YES;
				CLANG_WARN_DIRECT_OBJC_ISA_USAGE = YES_ERROR;
				CLANG_WARN_DOCUMENTATION_COMMENTS = YES;
				CLANG_WARN_EMPTY_BODY = YES;
				CLANG_WARN_ENUM_CONVERSION = YES;
				CLANG_WARN_INFINITE_RECURSION = YES;
				CLANG_WARN_INT_CONVERSION = YES;
				CLANG_WARN_NON_LITERAL_NULL_CONVERSION = YES;
				CLANG_WARN_OBJC_IMPLICIT_RETAIN_SELF = YES;
				CLANG_WARN_OBJC_LITERAL_CONVERSION = YES;
				CLANG_WARN_OBJC_ROOT_CLASS = YES_ERROR;
				CLANG_WARN_QUOTED_INCLUDE_IN_FRAMEWORK_HEADER = YES;
				CLANG_WARN_RANGE_LOOP_ANALYSIS = YES;
				CLANG_WARN_STRICT_PROTOTYPES = YES;
				CLANG_WARN_SUSPICIOUS_MOVE = YES;
				CLANG_WARN_UNGUARDED_AVAILABILITY = YES_AGGRESSIVE;
				CLANG_WARN_UNREACHABLE_CODE = YES;
				CLANG_WARN__DUPLICATE_METHOD_MATCH = YES;
				COPY_PHASE_STRIP = NO;
				DEBUG_INFORMATION_FORMAT = "dwarf-with-dsym";
				ENABLE_NS_ASSERTIONS = NO;
				ENABLE_STRICT_OBJC_MSGSEND = YES;
				GCC_C_LANGUAGE_STANDARD = gnu11;
				GCC_NO_COMMON_BLOCKS = YES;
				GCC_WARN_64_TO_32_BIT_CONVERSION = YES;
				GCC_WARN_ABOUT_RETURN_TYPE = YES_ERROR;
				GCC_WARN_UNDECLARED_SELECTOR = YES;
				GCC_WARN_UNINITIALIZED_AUTOS = YES_AGGRESSIVE;
				GCC_WARN_UNUSED_FUNCTION = YES;
				GCC_WARN_UNUSED_VARIABLE = YES;
				IPHONEOS_DEPLOYMENT_TARGET = 16.4;
				MTL_ENABLE_DEBUG_INFO = NO;
				MTL_FAST_MATH = YES;
				SDKROOT = iphoneos;
				SWIFT_COMPILATION_MODE = wholemodule;
				SWIFT_OPTIMIZATION_LEVEL = "-O";
				VALIDATE_PRODUCT = YES;
			};
			name = Release;
		};
		11FB2C242A028A17000379D4 /* Debug */ = {
			isa = XCBuildConfiguration;
			buildSettings = {
				ASSETCATALOG_COMPILER_APPICON_NAME = AppIcon;
				ASSETCATALOG_COMPILER_GLOBAL_ACCENT_COLOR_NAME = AccentColor;
				CODE_SIGN_STYLE = Automatic;
				CURRENT_PROJECT_VERSION = 1;
				DEVELOPMENT_ASSET_PATHS = "\"Kitchen Converter/Preview Content\"";
				DEVELOPMENT_TEAM = NCSMBFF244;
				ENABLE_PREVIEWS = YES;
				GENERATE_INFOPLIST_FILE = YES;
				INFOPLIST_KEY_UIApplicationSceneManifest_Generation = YES;
				INFOPLIST_KEY_UIApplicationSupportsIndirectInputEvents = YES;
				INFOPLIST_KEY_UILaunchScreen_Generation = YES;
				INFOPLIST_KEY_UISupportedInterfaceOrientations_iPad = "UIInterfaceOrientationPortrait UIInterfaceOrientationPortraitUpsideDown UIInterfaceOrientationLandscapeLeft UIInterfaceOrientationLandscapeRight";
				INFOPLIST_KEY_UISupportedInterfaceOrientations_iPhone = "UIInterfaceOrientationPortrait UIInterfaceOrientationLandscapeLeft UIInterfaceOrientationLandscapeRight";
				IPHONEOS_DEPLOYMENT_TARGET = 16.2;
				LD_RUNPATH_SEARCH_PATHS = (
					"$(inherited)",
					"@executable_path/Frameworks",
				);
				MARKETING_VERSION = 1.0;
				PRODUCT_BUNDLE_IDENTIFIER = "blellouch.Kitchen-Converter";
				PRODUCT_NAME = "$(TARGET_NAME)";
				SWIFT_EMIT_LOC_STRINGS = YES;
				SWIFT_VERSION = 5.0;
				TARGETED_DEVICE_FAMILY = "1,2";
			};
			name = Debug;
		};
		11FB2C252A028A17000379D4 /* Release */ = {
			isa = XCBuildConfiguration;
			buildSettings = {
				ASSETCATALOG_COMPILER_APPICON_NAME = AppIcon;
				ASSETCATALOG_COMPILER_GLOBAL_ACCENT_COLOR_NAME = AccentColor;
				CODE_SIGN_STYLE = Automatic;
				CURRENT_PROJECT_VERSION = 1;
				DEVELOPMENT_ASSET_PATHS = "\"Kitchen Converter/Preview Content\"";
				DEVELOPMENT_TEAM = NCSMBFF244;
				ENABLE_PREVIEWS = YES;
				GENERATE_INFOPLIST_FILE = YES;
				INFOPLIST_KEY_UIApplicationSceneManifest_Generation = YES;
				INFOPLIST_KEY_UIApplicationSupportsIndirectInputEvents = YES;
				INFOPLIST_KEY_UILaunchScreen_Generation = YES;
				INFOPLIST_KEY_UISupportedInterfaceOrientations_iPad = "UIInterfaceOrientationPortrait UIInterfaceOrientationPortraitUpsideDown UIInterfaceOrientationLandscapeLeft UIInterfaceOrientationLandscapeRight";
				INFOPLIST_KEY_UISupportedInterfaceOrientations_iPhone = "UIInterfaceOrientationPortrait UIInterfaceOrientationLandscapeLeft UIInterfaceOrientationLandscapeRight";
				IPHONEOS_DEPLOYMENT_TARGET = 16.2;
				LD_RUNPATH_SEARCH_PATHS = (
					"$(inherited)",
					"@executable_path/Frameworks",
				);
				MARKETING_VERSION = 1.0;
				PRODUCT_BUNDLE_IDENTIFIER = "blellouch.Kitchen-Converter";
				PRODUCT_NAME = "$(TARGET_NAME)";
				SWIFT_EMIT_LOC_STRINGS = YES;
				SWIFT_VERSION = 5.0;
				TARGETED_DEVICE_FAMILY = "1,2";
			};
			name = Release;
		};
		11FB2C272A028A17000379D4 /* Debug */ = {
			isa = XCBuildConfiguration;
			buildSettings = {
				ALWAYS_EMBED_SWIFT_STANDARD_LIBRARIES = YES;
				BUNDLE_LOADER = "$(TEST_HOST)";
				CODE_SIGN_STYLE = Automatic;
				CURRENT_PROJECT_VERSION = 1;
				DEVELOPMENT_TEAM = NCSMBFF244;
				GENERATE_INFOPLIST_FILE = YES;
				IPHONEOS_DEPLOYMENT_TARGET = 16.4;
				MARKETING_VERSION = 1.0;
				PRODUCT_BUNDLE_IDENTIFIER = "blellouch.Kitchen-ConverterTests";
				PRODUCT_NAME = "$(TARGET_NAME)";
				SWIFT_EMIT_LOC_STRINGS = NO;
				SWIFT_VERSION = 5.0;
				TARGETED_DEVICE_FAMILY = "1,2";
				TEST_HOST = "$(BUILT_PRODUCTS_DIR)/Kitchen Converter.app/$(BUNDLE_EXECUTABLE_FOLDER_PATH)/Kitchen Converter";
			};
			name = Debug;
		};
		11FB2C282A028A17000379D4 /* Release */ = {
			isa = XCBuildConfiguration;
			buildSettings = {
				ALWAYS_EMBED_SWIFT_STANDARD_LIBRARIES = YES;
				BUNDLE_LOADER = "$(TEST_HOST)";
				CODE_SIGN_STYLE = Automatic;
				CURRENT_PROJECT_VERSION = 1;
				DEVELOPMENT_TEAM = NCSMBFF244;
				GENERATE_INFOPLIST_FILE = YES;
				IPHONEOS_DEPLOYMENT_TARGET = 16.4;
				MARKETING_VERSION = 1.0;
				PRODUCT_BUNDLE_IDENTIFIER = "blellouch.Kitchen-ConverterTests";
				PRODUCT_NAME = "$(TARGET_NAME)";
				SWIFT_EMIT_LOC_STRINGS = NO;
				SWIFT_VERSION = 5.0;
				TARGETED_DEVICE_FAMILY = "1,2";
				TEST_HOST = "$(BUILT_PRODUCTS_DIR)/Kitchen Converter.app/$(BUNDLE_EXECUTABLE_FOLDER_PATH)/Kitchen Converter";
			};
			name = Release;
		};
		11FB2C2A2A028A17000379D4 /* Debug */ = {
			isa = XCBuildConfiguration;
			buildSettings = {
				ALWAYS_EMBED_SWIFT_STANDARD_LIBRARIES = YES;
				CODE_SIGN_STYLE = Automatic;
				CURRENT_PROJECT_VERSION = 1;
				DEVELOPMENT_TEAM = NCSMBFF244;
				GENERATE_INFOPLIST_FILE = YES;
				MARKETING_VERSION = 1.0;
				PRODUCT_BUNDLE_IDENTIFIER = "blellouch.Kitchen-ConverterUITests";
				PRODUCT_NAME = "$(TARGET_NAME)";
				SWIFT_EMIT_LOC_STRINGS = NO;
				SWIFT_VERSION = 5.0;
				TARGETED_DEVICE_FAMILY = "1,2";
				TEST_TARGET_NAME = "Kitchen Converter";
			};
			name = Debug;
		};
		11FB2C2B2A028A17000379D4 /* Release */ = {
			isa = XCBuildConfiguration;
			buildSettings = {
				ALWAYS_EMBED_SWIFT_STANDARD_LIBRARIES = YES;
				CODE_SIGN_STYLE = Automatic;
				CURRENT_PROJECT_VERSION = 1;
				DEVELOPMENT_TEAM = NCSMBFF244;
				GENERATE_INFOPLIST_FILE = YES;
				MARKETING_VERSION = 1.0;
				PRODUCT_BUNDLE_IDENTIFIER = "blellouch.Kitchen-ConverterUITests";
				PRODUCT_NAME = "$(TARGET_NAME)";
				SWIFT_EMIT_LOC_STRINGS = NO;
				SWIFT_VERSION = 5.0;
				TARGETED_DEVICE_FAMILY = "1,2";
				TEST_TARGET_NAME = "Kitchen Converter";
			};
			name = Release;
		};
/* End XCBuildConfiguration section */

/* Begin XCConfigurationList section */
		11FB2BFA2A028A15000379D4 /* Build configuration list for PBXProject "Kitchen Converter" */ = {
			isa = XCConfigurationList;
			buildConfigurations = (
				11FB2C212A028A17000379D4 /* Debug */,
				11FB2C222A028A17000379D4 /* Release */,
			);
			defaultConfigurationIsVisible = 0;
			defaultConfigurationName = Release;
		};
		11FB2C232A028A17000379D4 /* Build configuration list for PBXNativeTarget "Kitchen Converter" */ = {
			isa = XCConfigurationList;
			buildConfigurations = (
				11FB2C242A028A17000379D4 /* Debug */,
				11FB2C252A028A17000379D4 /* Release */,
			);
			defaultConfigurationIsVisible = 0;
			defaultConfigurationName = Release;
		};
		11FB2C262A028A17000379D4 /* Build configuration list for PBXNativeTarget "Kitchen ConverterTests" */ = {
			isa = XCConfigurationList;
			buildConfigurations = (
				11FB2C272A028A17000379D4 /* Debug */,
				11FB2C282A028A17000379D4 /* Release */,
			);
			defaultConfigurationIsVisible = 0;
			defaultConfigurationName = Release;
		};
		11FB2C292A028A17000379D4 /* Build configuration list for PBXNativeTarget "Kitchen ConverterUITests" */ = {
			isa = XCConfigurationList;
			buildConfigurations = (
				11FB2C2A2A028A17000379D4 /* Debug */,
				11FB2C2B2A028A17000379D4 /* Release */,
			);
			defaultConfigurationIsVisible = 0;
			defaultConfigurationName = Release;
		};
/* End XCConfigurationList section */
	};
	rootObject = 11FB2BF72A028A15000379D4 /* Project object */;
}
